<?xml version="1.0" encoding="utf-8"?>
<Project ToolsVersion="4.0" xmlns="http://schemas.microsoft.com/developer/msbuild/2003">
  <ItemGroup>
    <Filter Include="Union">
      <UniqueIdentifier>{4FC737F1-C7A5-4376-A066-2A32D752A2FF}</UniqueIdentifier>
      <Extensions>cpp;c;cc;cxx;c++;cppm;ixx;def;odl;idl;hpj;bat;asm;asmx</Extensions>
    </Filter>
  </ItemGroup>
  <ItemGroup>
    <ClCompile Include="union-api.cpp" />
    <ClCompile Include="Union\Memory.cpp">
      <Filter>Union</Filter>
    </ClCompile>
  </ItemGroup>
  <ItemGroup>
    <ClInclude Include="Union\Array.h">
      <Filter>Union</Filter>
    </ClInclude>
    <ClInclude Include="Union\Hook.h">
      <Filter>Union</Filter>
    </ClInclude>
    <ClInclude Include="Union\HookDetours.h">
      <Filter>Union</Filter>
    </ClInclude>
    <ClInclude Include="Union\HookPartial.h">
      <Filter>Union</Filter>
    </ClInclude>
    <ClInclude Include="Union\HookPatch.h">
      <Filter>Union</Filter>
    </ClInclude>
    <ClInclude Include="Union\HookProto.h">
      <Filter>Union</Filter>
    </ClInclude>
    <ClInclude Include="Union\Locale.h">
      <Filter>Union</Filter>
    </ClInclude>
    <ClInclude Include="Union\Memory.h">
      <Filter>Union</Filter>
    </ClInclude>
    <ClInclude Include="Union\ModuleImm32Collection.h">
      <Filter>Union</Filter>
    </ClInclude>
    <ClInclude Include="Union\Signature.h">
      <Filter>Union</Filter>
    </ClInclude>
    <ClInclude Include="Union\Stream.h">
      <Filter>Union</Filter>
    </ClInclude>
    <ClInclude Include="Union\String.h">
      <Filter>Union</Filter>
    </ClInclude>
    <ClInclude Include="Union\StringBase.h">
      <Filter>Union</Filter>
    </ClInclude>
    <ClInclude Include="Union\StringFunctions.h">
      <Filter>Union</Filter>
    </ClInclude>
    <ClInclude Include="Union\Thread.h">
      <Filter>Union</Filter>
    </ClInclude>
    <ClInclude Include="Union\Types.h">
      <Filter>Union</Filter>
    </ClInclude>
    <ClInclude Include="Union\Updater.h">
      <Filter>Union</Filter>
    </ClInclude>
    <ClInclude Include="Union\VDFS.h">
      <Filter>Union</Filter>
    </ClInclude>
    <ClInclude Include="Union\VDFSStream.h">
      <Filter>Union</Filter>
    </ClInclude>
    <ClInclude Include="Union\Dll.h">
      <Filter>Union</Filter>
    </ClInclude>
    <ClInclude Include="Union\RawMemory.h">
      <Filter>Union</Filter>
    </ClInclude>
  </ItemGroup>
</Project>